
Microsoft Visual Studio Solution File, Format Version 12.00
# Visual Studio Version 17
VisualStudioVersion = 17.10.35004.147
MinimumVisualStudioVersion = 10.0.40219.1
Project("{FAE04EC0-301F-11D3-BF4B-00C04F79EFBC}") = "Lab2_NguyenHuuMinhDuy_2251012049", "Lab2_NguyenHuuMinhDuy_2251012049\Lab2_NguyenHuuMinhDuy_2251012049.csproj", "{72F24762-8CF2-4A15-99C1-891DC9E70668}"
EndProject
Global
	GlobalSection(SolutionConfigurationPlatforms) = preSolution
		Debug|Any CPU = Debug|Any CPU
		Release|Any CPU = Release|Any CPU
	EndGlobalSection
	GlobalSection(ProjectConfigurationPlatforms) = postSolution
		{72F24762-8CF2-4A15-99C1-891DC9E70668}.Debug|Any CPU.ActiveCfg = Debug|Any CPU
		{72F24762-8CF2-4A15-99C1-891DC9E70668}.Debug|Any CPU.Build.0 = Debug|Any CPU
		{72F24762-8CF2-4A15-99C1-891DC9E70668}.Release|Any CPU.ActiveCfg = Release|Any CPU
		{72F24762-8CF2-4A15-99C1-891DC9E70668}.Release|Any CPU.Build.0 = Release|Any CPU
	EndGlobalSection
	GlobalSection(SolutionProperties) = preSolution
		HideSolutionNode = FALSE
	EndGlobalSection
	GlobalSection(ExtensibilityGlobals) = postSolution
		SolutionGuid = {CBAC721A-F701-4500-86F1-3AE66A28E167}
	EndGlobalSection
EndGlobal
